
Microsoft Visual Studio Solution File, Format Version 12.00
Project("{FAE04EC0-301F-11D3-BF4B-00C04F79EFBC}") = "API", "API\API.csproj", "{4AE6C714-8BA4-4794-A6E1-F8541A380EA8}"
EndProject
Project("{FAE04EC0-301F-11D3-BF4B-00C04F79EFBC}") = "Domain", "Domain\Domain.csproj", "{39CEABFD-93F1-4015-B11E-3EA5A4AB1373}"
EndProject
Project("{FAE04EC0-301F-11D3-BF4B-00C04F79EFBC}") = "Services", "Services\Services.csproj", "{DAD845C7-2111-4ADB-BD2E-C563D1A3C449}"
EndProject
Project("{FAE04EC0-301F-11D3-BF4B-00C04F79EFBC}") = "Infrastructure", "Infrastructure\Infrastructure.csproj", "{F6474E9F-2415-4781-BE6F-263D55BAF21B}"
EndProject
Global
	GlobalSection(SolutionConfigurationPlatforms) = preSolution
		Debug|Any CPU = Debug|Any CPU
		Release|Any CPU = Release|Any CPU
	EndGlobalSection
	GlobalSection(ProjectConfigurationPlatforms) = postSolution
		{4AE6C714-8BA4-4794-A6E1-F8541A380EA8}.Debug|Any CPU.ActiveCfg = Debug|Any CPU
		{4AE6C714-8BA4-4794-A6E1-F8541A380EA8}.Debug|Any CPU.Build.0 = Debug|Any CPU
		{4AE6C714-8BA4-4794-A6E1-F8541A380EA8}.Release|Any CPU.ActiveCfg = Release|Any CPU
		{4AE6C714-8BA4-4794-A6E1-F8541A380EA8}.Release|Any CPU.Build.0 = Release|Any CPU
		{39CEABFD-93F1-4015-B11E-3EA5A4AB1373}.Debug|Any CPU.ActiveCfg = Debug|Any CPU
		{39CEABFD-93F1-4015-B11E-3EA5A4AB1373}.Debug|Any CPU.Build.0 = Debug|Any CPU
		{39CEABFD-93F1-4015-B11E-3EA5A4AB1373}.Release|Any CPU.ActiveCfg = Release|Any CPU
		{39CEABFD-93F1-4015-B11E-3EA5A4AB1373}.Release|Any CPU.Build.0 = Release|Any CPU
		{DAD845C7-2111-4ADB-BD2E-C563D1A3C449}.Debug|Any CPU.ActiveCfg = Debug|Any CPU
		{DAD845C7-2111-4ADB-BD2E-C563D1A3C449}.Debug|Any CPU.Build.0 = Debug|Any CPU
		{DAD845C7-2111-4ADB-BD2E-C563D1A3C449}.Release|Any CPU.ActiveCfg = Release|Any CPU
		{DAD845C7-2111-4ADB-BD2E-C563D1A3C449}.Release|Any CPU.Build.0 = Release|Any CPU
		{F6474E9F-2415-4781-BE6F-263D55BAF21B}.Debug|Any CPU.ActiveCfg = Debug|Any CPU
		{F6474E9F-2415-4781-BE6F-263D55BAF21B}.Debug|Any CPU.Build.0 = Debug|Any CPU
		{F6474E9F-2415-4781-BE6F-263D55BAF21B}.Release|Any CPU.ActiveCfg = Release|Any CPU
		{F6474E9F-2415-4781-BE6F-263D55BAF21B}.Release|Any CPU.Build.0 = Release|Any CPU
	EndGlobalSection
EndGlobal
